
Microsoft Visual Studio Solution File, Format Version 12.00
# Visual Studio Version 16
VisualStudioVersion = 16.0.30011.22
MinimumVisualStudioVersion = 10.0.40219.1
Project("{FAE04EC0-301F-11D3-BF4B-00C04F79EFBC}") = "Objecten02", "Objecten02\Objecten02.csproj", "{0D3F970F-BFB1-4A47-AC70-BD069AD7AACA}"
EndProject
Global
	GlobalSection(SolutionConfigurationPlatforms) = preSolution
		Debug|Any CPU = Debug|Any CPU
		Release|Any CPU = Release|Any CPU
	EndGlobalSection
	GlobalSection(ProjectConfigurationPlatforms) = postSolution
		{0D3F970F-BFB1-4A47-AC70-BD069AD7AACA}.Debug|Any CPU.ActiveCfg = Debug|Any CPU
		{0D3F970F-BFB1-4A47-AC70-BD069AD7AACA}.Debug|Any CPU.Build.0 = Debug|Any CPU
		{0D3F970F-BFB1-4A47-AC70-BD069AD7AACA}.Release|Any CPU.ActiveCfg = Release|Any CPU
		{0D3F970F-BFB1-4A47-AC70-BD069AD7AACA}.Release|Any CPU.Build.0 = Release|Any CPU
	EndGlobalSection
	GlobalSection(SolutionProperties) = preSolution
		HideSolutionNode = FALSE
	EndGlobalSection
	GlobalSection(ExtensibilityGlobals) = postSolution
		SolutionGuid = {4D3002EE-487E-4217-9742-E172E118C779}
	EndGlobalSection
EndGlobal
