
Microsoft Visual Studio Solution File, Format Version 12.00
# Visual Studio Version 16
VisualStudioVersion = 16.0.30907.101
MinimumVisualStudioVersion = 10.0.40219.1
Project("{9A19103F-16F7-4668-BE54-9A1E7A4F7556}") = "BooleansTest", "ConsoleApp1\BooleansTest.csproj", "{777EBB9D-00D8-493F-867D-4F6C4C7FE155}"
EndProject
Global
	GlobalSection(SolutionConfigurationPlatforms) = preSolution
		Debug|Any CPU = Debug|Any CPU
		Release|Any CPU = Release|Any CPU
	EndGlobalSection
	GlobalSection(ProjectConfigurationPlatforms) = postSolution
		{777EBB9D-00D8-493F-867D-4F6C4C7FE155}.Debug|Any CPU.ActiveCfg = Debug|Any CPU
		{777EBB9D-00D8-493F-867D-4F6C4C7FE155}.Debug|Any CPU.Build.0 = Debug|Any CPU
		{777EBB9D-00D8-493F-867D-4F6C4C7FE155}.Release|Any CPU.ActiveCfg = Release|Any CPU
		{777EBB9D-00D8-493F-867D-4F6C4C7FE155}.Release|Any CPU.Build.0 = Release|Any CPU
	EndGlobalSection
	GlobalSection(SolutionProperties) = preSolution
		HideSolutionNode = FALSE
	EndGlobalSection
	GlobalSection(ExtensibilityGlobals) = postSolution
		SolutionGuid = {CA27F3C2-BBA0-4897-9937-8A2A5C1F7982}
	EndGlobalSection
EndGlobal
