
Microsoft Visual Studio Solution File, Format Version 12.00
# Visual Studio Version 16
VisualStudioVersion = 16.0.30907.101
MinimumVisualStudioVersion = 10.0.40219.1
Project("{9A19103F-16F7-4668-BE54-9A1E7A4F7556}") = "Vormen", "TentamenFlexHerkansing\Vormen.csproj", "{867EFCB5-D396-453D-A79B-7D8E3886E367}"
EndProject
Project("{9A19103F-16F7-4668-BE54-9A1E7A4F7556}") = "Restaurant", "Restaurant\Restaurant.csproj", "{CAEE3CEA-3B81-4B58-BC46-815105786130}"
EndProject
Project("{FAE04EC0-301F-11D3-BF4B-00C04F79EFBC}") = "Rekenen", "Rekenen\Rekenen.csproj", "{C0CEF892-6739-496F-B676-F9C8A7E503BC}"
EndProject
Global
	GlobalSection(SolutionConfigurationPlatforms) = preSolution
		Debug|Any CPU = Debug|Any CPU
		Release|Any CPU = Release|Any CPU
	EndGlobalSection
	GlobalSection(ProjectConfigurationPlatforms) = postSolution
		{867EFCB5-D396-453D-A79B-7D8E3886E367}.Debug|Any CPU.ActiveCfg = Debug|Any CPU
		{867EFCB5-D396-453D-A79B-7D8E3886E367}.Debug|Any CPU.Build.0 = Debug|Any CPU
		{867EFCB5-D396-453D-A79B-7D8E3886E367}.Release|Any CPU.ActiveCfg = Release|Any CPU
		{867EFCB5-D396-453D-A79B-7D8E3886E367}.Release|Any CPU.Build.0 = Release|Any CPU
		{CAEE3CEA-3B81-4B58-BC46-815105786130}.Debug|Any CPU.ActiveCfg = Debug|Any CPU
		{CAEE3CEA-3B81-4B58-BC46-815105786130}.Debug|Any CPU.Build.0 = Debug|Any CPU
		{CAEE3CEA-3B81-4B58-BC46-815105786130}.Release|Any CPU.ActiveCfg = Release|Any CPU
		{CAEE3CEA-3B81-4B58-BC46-815105786130}.Release|Any CPU.Build.0 = Release|Any CPU
		{C0CEF892-6739-496F-B676-F9C8A7E503BC}.Debug|Any CPU.ActiveCfg = Debug|Any CPU
		{C0CEF892-6739-496F-B676-F9C8A7E503BC}.Debug|Any CPU.Build.0 = Debug|Any CPU
		{C0CEF892-6739-496F-B676-F9C8A7E503BC}.Release|Any CPU.ActiveCfg = Release|Any CPU
		{C0CEF892-6739-496F-B676-F9C8A7E503BC}.Release|Any CPU.Build.0 = Release|Any CPU
	EndGlobalSection
	GlobalSection(SolutionProperties) = preSolution
		HideSolutionNode = FALSE
	EndGlobalSection
	GlobalSection(ExtensibilityGlobals) = postSolution
		SolutionGuid = {DACCC6EE-C4D1-4545-A520-27DF3E9DA698}
	EndGlobalSection
EndGlobal
