
Microsoft Visual Studio Solution File, Format Version 12.00
# Visual Studio Version 16
VisualStudioVersion = 16.0.30907.101
MinimumVisualStudioVersion = 10.0.40219.1
Project("{9A19103F-16F7-4668-BE54-9A1E7A4F7556}") = "Gebouwen", "Tentamen\Gebouwen.csproj", "{586E8AD8-D217-4394-89D9-DB03460524FC}"
EndProject
Project("{9A19103F-16F7-4668-BE54-9A1E7A4F7556}") = "Stripboeken", "Lijsten\Stripboeken.csproj", "{93DA43AC-AA1D-48BE-B01B-DA88D2953692}"
EndProject
Project("{9A19103F-16F7-4668-BE54-9A1E7A4F7556}") = "In de haak", "InDeHaak\In de haak.csproj", "{86F44598-3F9D-4C44-8D61-EAB646CE86C8}"
EndProject
Global
	GlobalSection(SolutionConfigurationPlatforms) = preSolution
		Debug|Any CPU = Debug|Any CPU
		Release|Any CPU = Release|Any CPU
	EndGlobalSection
	GlobalSection(ProjectConfigurationPlatforms) = postSolution
		{586E8AD8-D217-4394-89D9-DB03460524FC}.Debug|Any CPU.ActiveCfg = Debug|Any CPU
		{586E8AD8-D217-4394-89D9-DB03460524FC}.Debug|Any CPU.Build.0 = Debug|Any CPU
		{586E8AD8-D217-4394-89D9-DB03460524FC}.Release|Any CPU.ActiveCfg = Release|Any CPU
		{586E8AD8-D217-4394-89D9-DB03460524FC}.Release|Any CPU.Build.0 = Release|Any CPU
		{93DA43AC-AA1D-48BE-B01B-DA88D2953692}.Debug|Any CPU.ActiveCfg = Debug|Any CPU
		{93DA43AC-AA1D-48BE-B01B-DA88D2953692}.Debug|Any CPU.Build.0 = Debug|Any CPU
		{93DA43AC-AA1D-48BE-B01B-DA88D2953692}.Release|Any CPU.ActiveCfg = Release|Any CPU
		{93DA43AC-AA1D-48BE-B01B-DA88D2953692}.Release|Any CPU.Build.0 = Release|Any CPU
		{86F44598-3F9D-4C44-8D61-EAB646CE86C8}.Debug|Any CPU.ActiveCfg = Debug|Any CPU
		{86F44598-3F9D-4C44-8D61-EAB646CE86C8}.Debug|Any CPU.Build.0 = Debug|Any CPU
		{86F44598-3F9D-4C44-8D61-EAB646CE86C8}.Release|Any CPU.ActiveCfg = Release|Any CPU
		{86F44598-3F9D-4C44-8D61-EAB646CE86C8}.Release|Any CPU.Build.0 = Release|Any CPU
	EndGlobalSection
	GlobalSection(SolutionProperties) = preSolution
		HideSolutionNode = FALSE
	EndGlobalSection
	GlobalSection(ExtensibilityGlobals) = postSolution
		SolutionGuid = {DA4707E1-0FC5-40D3-9D09-37487F51D052}
	EndGlobalSection
EndGlobal
