
Microsoft Visual Studio Solution File, Format Version 12.00
# Visual Studio Version 16
VisualStudioVersion = 16.0.30907.101
MinimumVisualStudioVersion = 10.0.40219.1
Project("{FAE04EC0-301F-11D3-BF4B-00C04F79EFBC}") = "StaticMethods", "StaticMethods\StaticMethods.csproj", "{6602791D-8AB7-4495-B469-691D1E378332}"
EndProject
Global
	GlobalSection(SolutionConfigurationPlatforms) = preSolution
		Debug|Any CPU = Debug|Any CPU
		Release|Any CPU = Release|Any CPU
	EndGlobalSection
	GlobalSection(ProjectConfigurationPlatforms) = postSolution
		{6602791D-8AB7-4495-B469-691D1E378332}.Debug|Any CPU.ActiveCfg = Debug|Any CPU
		{6602791D-8AB7-4495-B469-691D1E378332}.Debug|Any CPU.Build.0 = Debug|Any CPU
		{6602791D-8AB7-4495-B469-691D1E378332}.Release|Any CPU.ActiveCfg = Release|Any CPU
		{6602791D-8AB7-4495-B469-691D1E378332}.Release|Any CPU.Build.0 = Release|Any CPU
	EndGlobalSection
	GlobalSection(SolutionProperties) = preSolution
		HideSolutionNode = FALSE
	EndGlobalSection
	GlobalSection(ExtensibilityGlobals) = postSolution
		SolutionGuid = {A3B931CC-44E8-4503-B404-338D6639C290}
	EndGlobalSection
EndGlobal
