
Microsoft Visual Studio Solution File, Format Version 12.00
Project("{FAE04EC0-301F-11D3-BF4B-00C04F79EFBC}") = "MetDeTrein", "MetDeTrein\MetDeTrein.csproj", "{F2EC19ED-3192-4A3D-A2E6-1D3699877264}"
EndProject
Global
	GlobalSection(SolutionConfigurationPlatforms) = preSolution
		Debug|Any CPU = Debug|Any CPU
		Release|Any CPU = Release|Any CPU
	EndGlobalSection
	GlobalSection(ProjectConfigurationPlatforms) = postSolution
		{F2EC19ED-3192-4A3D-A2E6-1D3699877264}.Debug|Any CPU.ActiveCfg = Debug|Any CPU
		{F2EC19ED-3192-4A3D-A2E6-1D3699877264}.Debug|Any CPU.Build.0 = Debug|Any CPU
		{F2EC19ED-3192-4A3D-A2E6-1D3699877264}.Release|Any CPU.ActiveCfg = Release|Any CPU
		{F2EC19ED-3192-4A3D-A2E6-1D3699877264}.Release|Any CPU.Build.0 = Release|Any CPU
	EndGlobalSection
EndGlobal
